
Microsoft Visual Studio Solution File, Format Version 12.00
# Visual Studio Version 16
VisualStudioVersion = 16.0.28803.352
MinimumVisualStudioVersion = 10.0.40219.1
Project("{2150E333-8FDC-42A3-9474-1A3956D46DE8}") = "src", "src", "{9E3390D1-D6AB-48E9-8FBA-C622BCF2C54D}"
EndProject
Project("{2150E333-8FDC-42A3-9474-1A3956D46DE8}") = "test", "test", "{0359202F-09AB-459C-BF5E-87FE733CDC6A}"
EndProject
Project("{9A19103F-16F7-4668-BE54-9A1E7A4F7556}") = "TestEnvironment.Docker", "src\TestEnvironment.Docker\TestEnvironment.Docker.csproj", "{F13EE11D-54D2-41E0-B112-3268F2D266AC}"
EndProject
Project("{9A19103F-16F7-4668-BE54-9A1E7A4F7556}") = "TestEnvironment.Docker.Tests", "test\TestEnvironment.Docker.Tests\TestEnvironment.Docker.Tests.csproj", "{E9D42439-4851-4EC3-98B1-AAC67D6E6742}"
EndProject
Project("{9A19103F-16F7-4668-BE54-9A1E7A4F7556}") = "TestEnvironment.Docker.Containers.Mssql", "src\TestEnvironment.Docker.Containers.Mssql\TestEnvironment.Docker.Containers.Mssql.csproj", "{38E6461A-7A74-468C-9A75-B4E1550B2551}"
EndProject
Project("{9A19103F-16F7-4668-BE54-9A1E7A4F7556}") = "TestEnvironment.Docker.Containers.Elasticsearch", "src\TestEnvironment.Docker.Containers.Elasticsearch\TestEnvironment.Docker.Containers.Elasticsearch.csproj", "{AAFA306F-62B8-486A-B17F-1F2482D97771}"
EndProject
Project("{9A19103F-16F7-4668-BE54-9A1E7A4F7556}") = "TestEnvironment.Docker.Containers.Mongo", "src\TestEnvironment.Docker.Containers.Mongo\TestEnvironment.Docker.Containers.Mongo.csproj", "{A6DCBFC3-7870-4738-B985-1E5B12842C53}"
EndProject
Project("{9A19103F-16F7-4668-BE54-9A1E7A4F7556}") = "TestEnvironment.Docker.Containers.MariaDB", "src\TestEnvironment.Docker.Containers.MariaDB\TestEnvironment.Docker.Containers.MariaDB.csproj", "{CD926284-FAD3-4F64-B383-E0BA752B31C8}"
EndProject
Project("{9A19103F-16F7-4668-BE54-9A1E7A4F7556}") = "TestEnvironment.Docker.Containers.Ftp", "src\TestEnvironment.Docker.Containers.Ftp\TestEnvironment.Docker.Containers.Ftp.csproj", "{CAB21076-1316-44EE-9718-8F487E1E7B73}"
EndProject
Project("{9A19103F-16F7-4668-BE54-9A1E7A4F7556}") = "TestEnvironment.Docker.Containers.Mail", "src\TestEnvironment.Docker.Containers.Mail\TestEnvironment.Docker.Containers.Mail.csproj", "{5F1E7192-A8D9-49B9-8F24-A29CB06B43DC}"
EndProject
Project("{9A19103F-16F7-4668-BE54-9A1E7A4F7556}") = "TestEnvironment.Docker.Containers.Postgres", "src\TestEnvironment.Docker.Containers.Postgres\TestEnvironment.Docker.Containers.Postgres.csproj", "{8542AE96-7EC5-4965-98B1-95B63F7DFE6E}"
EndProject
Project("{9A19103F-16F7-4668-BE54-9A1E7A4F7556}") = "TestEnvironment.Docker.Containers.Oracle", "src\TestEnvironment.Docker.Containers.Oracle\TestEnvironment.Docker.Containers.Oracle.csproj", "{22205A7A-5669-44F5-AF9C-D48E325BDF74}"
EndProject
Project("{9A19103F-16F7-4668-BE54-9A1E7A4F7556}") = "TestEnvironment.Docker.Containers.Firebird", "src\TestEnvironment.Docker.Containers.Firebird\TestEnvironment.Docker.Containers.Firebird.csproj", "{FAD25D60-C50D-4559-B4B2-D0E09A14471C}"
EndProject
Project("{9A19103F-16F7-4668-BE54-9A1E7A4F7556}") = "TestEnvironmenbt.Docker.Containers.Kafka", "src\TestEnvironmenbt.Docker.Containers.Kafka\TestEnvironmenbt.Docker.Containers.Kafka.csproj", "{273B2E1E-C2A1-4A74-9BA3-0042314B133D}"
EndProject
Global
	GlobalSection(SolutionConfigurationPlatforms) = preSolution
		Debug|Any CPU = Debug|Any CPU
		Release|Any CPU = Release|Any CPU
	EndGlobalSection
	GlobalSection(ProjectConfigurationPlatforms) = postSolution
		{F13EE11D-54D2-41E0-B112-3268F2D266AC}.Debug|Any CPU.ActiveCfg = Debug|Any CPU
		{F13EE11D-54D2-41E0-B112-3268F2D266AC}.Debug|Any CPU.Build.0 = Debug|Any CPU
		{F13EE11D-54D2-41E0-B112-3268F2D266AC}.Release|Any CPU.ActiveCfg = Release|Any CPU
		{F13EE11D-54D2-41E0-B112-3268F2D266AC}.Release|Any CPU.Build.0 = Release|Any CPU
		{E9D42439-4851-4EC3-98B1-AAC67D6E6742}.Debug|Any CPU.ActiveCfg = Debug|Any CPU
		{E9D42439-4851-4EC3-98B1-AAC67D6E6742}.Debug|Any CPU.Build.0 = Debug|Any CPU
		{E9D42439-4851-4EC3-98B1-AAC67D6E6742}.Release|Any CPU.ActiveCfg = Release|Any CPU
		{E9D42439-4851-4EC3-98B1-AAC67D6E6742}.Release|Any CPU.Build.0 = Release|Any CPU
		{38E6461A-7A74-468C-9A75-B4E1550B2551}.Debug|Any CPU.ActiveCfg = Debug|Any CPU
		{38E6461A-7A74-468C-9A75-B4E1550B2551}.Debug|Any CPU.Build.0 = Debug|Any CPU
		{38E6461A-7A74-468C-9A75-B4E1550B2551}.Release|Any CPU.ActiveCfg = Release|Any CPU
		{38E6461A-7A74-468C-9A75-B4E1550B2551}.Release|Any CPU.Build.0 = Release|Any CPU
		{AAFA306F-62B8-486A-B17F-1F2482D97771}.Debug|Any CPU.ActiveCfg = Debug|Any CPU
		{AAFA306F-62B8-486A-B17F-1F2482D97771}.Debug|Any CPU.Build.0 = Debug|Any CPU
		{AAFA306F-62B8-486A-B17F-1F2482D97771}.Release|Any CPU.ActiveCfg = Release|Any CPU
		{AAFA306F-62B8-486A-B17F-1F2482D97771}.Release|Any CPU.Build.0 = Release|Any CPU
		{A6DCBFC3-7870-4738-B985-1E5B12842C53}.Debug|Any CPU.ActiveCfg = Debug|Any CPU
		{A6DCBFC3-7870-4738-B985-1E5B12842C53}.Debug|Any CPU.Build.0 = Debug|Any CPU
		{A6DCBFC3-7870-4738-B985-1E5B12842C53}.Release|Any CPU.ActiveCfg = Release|Any CPU
		{A6DCBFC3-7870-4738-B985-1E5B12842C53}.Release|Any CPU.Build.0 = Release|Any CPU
		{CD926284-FAD3-4F64-B383-E0BA752B31C8}.Debug|Any CPU.ActiveCfg = Debug|Any CPU
		{CD926284-FAD3-4F64-B383-E0BA752B31C8}.Debug|Any CPU.Build.0 = Debug|Any CPU
		{CD926284-FAD3-4F64-B383-E0BA752B31C8}.Release|Any CPU.ActiveCfg = Release|Any CPU
		{CD926284-FAD3-4F64-B383-E0BA752B31C8}.Release|Any CPU.Build.0 = Release|Any CPU
		{CAB21076-1316-44EE-9718-8F487E1E7B73}.Debug|Any CPU.ActiveCfg = Debug|Any CPU
		{CAB21076-1316-44EE-9718-8F487E1E7B73}.Debug|Any CPU.Build.0 = Debug|Any CPU
		{CAB21076-1316-44EE-9718-8F487E1E7B73}.Release|Any CPU.ActiveCfg = Release|Any CPU
		{CAB21076-1316-44EE-9718-8F487E1E7B73}.Release|Any CPU.Build.0 = Release|Any CPU
		{5F1E7192-A8D9-49B9-8F24-A29CB06B43DC}.Debug|Any CPU.ActiveCfg = Debug|Any CPU
		{5F1E7192-A8D9-49B9-8F24-A29CB06B43DC}.Debug|Any CPU.Build.0 = Debug|Any CPU
		{5F1E7192-A8D9-49B9-8F24-A29CB06B43DC}.Release|Any CPU.ActiveCfg = Release|Any CPU
		{5F1E7192-A8D9-49B9-8F24-A29CB06B43DC}.Release|Any CPU.Build.0 = Release|Any CPU
		{8542AE96-7EC5-4965-98B1-95B63F7DFE6E}.Debug|Any CPU.ActiveCfg = Debug|Any CPU
		{8542AE96-7EC5-4965-98B1-95B63F7DFE6E}.Debug|Any CPU.Build.0 = Debug|Any CPU
		{8542AE96-7EC5-4965-98B1-95B63F7DFE6E}.Release|Any CPU.ActiveCfg = Release|Any CPU
		{8542AE96-7EC5-4965-98B1-95B63F7DFE6E}.Release|Any CPU.Build.0 = Release|Any CPU
		{22205A7A-5669-44F5-AF9C-D48E325BDF74}.Debug|Any CPU.ActiveCfg = Debug|Any CPU
		{22205A7A-5669-44F5-AF9C-D48E325BDF74}.Debug|Any CPU.Build.0 = Debug|Any CPU
		{22205A7A-5669-44F5-AF9C-D48E325BDF74}.Release|Any CPU.ActiveCfg = Release|Any CPU
		{22205A7A-5669-44F5-AF9C-D48E325BDF74}.Release|Any CPU.Build.0 = Release|Any CPU
		{FAD25D60-C50D-4559-B4B2-D0E09A14471C}.Debug|Any CPU.ActiveCfg = Debug|Any CPU
		{FAD25D60-C50D-4559-B4B2-D0E09A14471C}.Debug|Any CPU.Build.0 = Debug|Any CPU
		{FAD25D60-C50D-4559-B4B2-D0E09A14471C}.Release|Any CPU.ActiveCfg = Release|Any CPU
		{FAD25D60-C50D-4559-B4B2-D0E09A14471C}.Release|Any CPU.Build.0 = Release|Any CPU
		{273B2E1E-C2A1-4A74-9BA3-0042314B133D}.Debug|Any CPU.ActiveCfg = Debug|Any CPU
		{273B2E1E-C2A1-4A74-9BA3-0042314B133D}.Debug|Any CPU.Build.0 = Debug|Any CPU
		{273B2E1E-C2A1-4A74-9BA3-0042314B133D}.Release|Any CPU.ActiveCfg = Release|Any CPU
		{273B2E1E-C2A1-4A74-9BA3-0042314B133D}.Release|Any CPU.Build.0 = Release|Any CPU
	EndGlobalSection
	GlobalSection(SolutionProperties) = preSolution
		HideSolutionNode = FALSE
	EndGlobalSection
	GlobalSection(NestedProjects) = preSolution
		{F13EE11D-54D2-41E0-B112-3268F2D266AC} = {9E3390D1-D6AB-48E9-8FBA-C622BCF2C54D}
		{E9D42439-4851-4EC3-98B1-AAC67D6E6742} = {0359202F-09AB-459C-BF5E-87FE733CDC6A}
		{38E6461A-7A74-468C-9A75-B4E1550B2551} = {9E3390D1-D6AB-48E9-8FBA-C622BCF2C54D}
		{AAFA306F-62B8-486A-B17F-1F2482D97771} = {9E3390D1-D6AB-48E9-8FBA-C622BCF2C54D}
		{A6DCBFC3-7870-4738-B985-1E5B12842C53} = {9E3390D1-D6AB-48E9-8FBA-C622BCF2C54D}
		{CD926284-FAD3-4F64-B383-E0BA752B31C8} = {9E3390D1-D6AB-48E9-8FBA-C622BCF2C54D}
		{CAB21076-1316-44EE-9718-8F487E1E7B73} = {9E3390D1-D6AB-48E9-8FBA-C622BCF2C54D}
		{5F1E7192-A8D9-49B9-8F24-A29CB06B43DC} = {9E3390D1-D6AB-48E9-8FBA-C622BCF2C54D}
		{8542AE96-7EC5-4965-98B1-95B63F7DFE6E} = {9E3390D1-D6AB-48E9-8FBA-C622BCF2C54D}
		{22205A7A-5669-44F5-AF9C-D48E325BDF74} = {9E3390D1-D6AB-48E9-8FBA-C622BCF2C54D}
		{FAD25D60-C50D-4559-B4B2-D0E09A14471C} = {9E3390D1-D6AB-48E9-8FBA-C622BCF2C54D}
		{273B2E1E-C2A1-4A74-9BA3-0042314B133D} = {9E3390D1-D6AB-48E9-8FBA-C622BCF2C54D}
	EndGlobalSection
	GlobalSection(ExtensibilityGlobals) = postSolution
		SolutionGuid = {5DB4A55C-3900-4F7F-89FF-81D2698214C0}
	EndGlobalSection
EndGlobal
